
Microsoft Visual Studio Solution File, Format Version 12.00
# Visual Studio Version 16
VisualStudioVersion = 16.0.808.6
MinimumVisualStudioVersion = 10.0.40219.1
Project("{FAE04EC0-301F-11D3-BF4B-00C04F79EFBC}") = "present.Android", "present.Android\present.Android.csproj", "{55A12230-508F-4854-AD8B-A846FC059348}"
EndProject
Project("{FAE04EC0-301F-11D3-BF4B-00C04F79EFBC}") = "present.iOS", "present.iOS\present.iOS.csproj", "{E9958030-8F05-4EF7-8792-1A6C02466200}"
EndProject
Project("{FAE04EC0-301F-11D3-BF4B-00C04F79EFBC}") = "present", "present\present.csproj", "{7324C3B9-F0B3-4268-9FCA-367A6A95AF6B}"
EndProject
Global
	GlobalSection(SolutionConfigurationPlatforms) = preSolution
		Debug|Any CPU = Debug|Any CPU
		Release|Any CPU = Release|Any CPU
		Debug|iPhoneSimulator = Debug|iPhoneSimulator
		Release|iPhoneSimulator = Release|iPhoneSimulator
		Debug|iPhone = Debug|iPhone
		Release|iPhone = Release|iPhone
	EndGlobalSection
	GlobalSection(ProjectConfigurationPlatforms) = postSolution
		{55A12230-508F-4854-AD8B-A846FC059348}.Debug|Any CPU.ActiveCfg = Debug|Any CPU
		{55A12230-508F-4854-AD8B-A846FC059348}.Debug|Any CPU.Build.0 = Debug|Any CPU
		{55A12230-508F-4854-AD8B-A846FC059348}.Release|Any CPU.ActiveCfg = Release|Any CPU
		{55A12230-508F-4854-AD8B-A846FC059348}.Release|Any CPU.Build.0 = Release|Any CPU
		{55A12230-508F-4854-AD8B-A846FC059348}.Debug|iPhoneSimulator.ActiveCfg = Debug|Any CPU
		{55A12230-508F-4854-AD8B-A846FC059348}.Debug|iPhoneSimulator.Build.0 = Debug|Any CPU
		{55A12230-508F-4854-AD8B-A846FC059348}.Release|iPhoneSimulator.ActiveCfg = Release|Any CPU
		{55A12230-508F-4854-AD8B-A846FC059348}.Release|iPhoneSimulator.Build.0 = Release|Any CPU
		{55A12230-508F-4854-AD8B-A846FC059348}.Debug|iPhone.ActiveCfg = Debug|Any CPU
		{55A12230-508F-4854-AD8B-A846FC059348}.Debug|iPhone.Build.0 = Debug|Any CPU
		{55A12230-508F-4854-AD8B-A846FC059348}.Release|iPhone.ActiveCfg = Release|Any CPU
		{55A12230-508F-4854-AD8B-A846FC059348}.Release|iPhone.Build.0 = Release|Any CPU
		{E9958030-8F05-4EF7-8792-1A6C02466200}.Debug|Any CPU.ActiveCfg = Debug|iPhoneSimulator
		{E9958030-8F05-4EF7-8792-1A6C02466200}.Debug|Any CPU.Build.0 = Debug|iPhoneSimulator
		{E9958030-8F05-4EF7-8792-1A6C02466200}.Release|Any CPU.ActiveCfg = Release|iPhoneSimulator
		{E9958030-8F05-4EF7-8792-1A6C02466200}.Release|Any CPU.Build.0 = Release|iPhoneSimulator
		{E9958030-8F05-4EF7-8792-1A6C02466200}.Debug|iPhoneSimulator.ActiveCfg = Debug|iPhoneSimulator
		{E9958030-8F05-4EF7-8792-1A6C02466200}.Debug|iPhoneSimulator.Build.0 = Debug|iPhoneSimulator
		{E9958030-8F05-4EF7-8792-1A6C02466200}.Release|iPhoneSimulator.ActiveCfg = Release|iPhoneSimulator
		{E9958030-8F05-4EF7-8792-1A6C02466200}.Release|iPhoneSimulator.Build.0 = Release|iPhoneSimulator
		{E9958030-8F05-4EF7-8792-1A6C02466200}.Debug|iPhone.ActiveCfg = Debug|iPhone
		{E9958030-8F05-4EF7-8792-1A6C02466200}.Debug|iPhone.Build.0 = Debug|iPhone
		{E9958030-8F05-4EF7-8792-1A6C02466200}.Release|iPhone.ActiveCfg = Release|iPhone
		{E9958030-8F05-4EF7-8792-1A6C02466200}.Release|iPhone.Build.0 = Release|iPhone
		{7324C3B9-F0B3-4268-9FCA-367A6A95AF6B}.Debug|Any CPU.ActiveCfg = Debug|Any CPU
		{7324C3B9-F0B3-4268-9FCA-367A6A95AF6B}.Debug|Any CPU.Build.0 = Debug|Any CPU
		{7324C3B9-F0B3-4268-9FCA-367A6A95AF6B}.Release|Any CPU.ActiveCfg = Release|Any CPU
		{7324C3B9-F0B3-4268-9FCA-367A6A95AF6B}.Release|Any CPU.Build.0 = Release|Any CPU
		{7324C3B9-F0B3-4268-9FCA-367A6A95AF6B}.Debug|iPhoneSimulator.ActiveCfg = Debug|Any CPU
		{7324C3B9-F0B3-4268-9FCA-367A6A95AF6B}.Debug|iPhoneSimulator.Build.0 = Debug|Any CPU
		{7324C3B9-F0B3-4268-9FCA-367A6A95AF6B}.Release|iPhoneSimulator.ActiveCfg = Release|Any CPU
		{7324C3B9-F0B3-4268-9FCA-367A6A95AF6B}.Release|iPhoneSimulator.Build.0 = Release|Any CPU
		{7324C3B9-F0B3-4268-9FCA-367A6A95AF6B}.Debug|iPhone.ActiveCfg = Debug|Any CPU
		{7324C3B9-F0B3-4268-9FCA-367A6A95AF6B}.Debug|iPhone.Build.0 = Debug|Any CPU
		{7324C3B9-F0B3-4268-9FCA-367A6A95AF6B}.Release|iPhone.ActiveCfg = Release|Any CPU
		{7324C3B9-F0B3-4268-9FCA-367A6A95AF6B}.Release|iPhone.Build.0 = Release|Any CPU
	EndGlobalSection
	GlobalSection(SolutionProperties) = preSolution
		HideSolutionNode = FALSE
	EndGlobalSection
	GlobalSection(ExtensibilityGlobals) = postSolution
		SolutionGuid = {D75DF312-4F61-40F7-BC78-07B5143614B6}
	EndGlobalSection
EndGlobal
